
Microsoft Visual Studio Solution File, Format Version 12.00
# Visual Studio 15
VisualStudioVersion = 15.0.28307.168
MinimumVisualStudioVersion = 10.0.40219.1
Project("{FAE04EC0-301F-11D3-BF4B-00C04F79EFBC}") = "DomainDI", "DomainDI\DomainDI.csproj", "{331505F4-0FAE-484C-82DF-4FBD5D1F38E9}"
EndProject
Project("{FAE04EC0-301F-11D3-BF4B-00C04F79EFBC}") = "WebApp", "WebApp\WebApp.csproj", "{6A22E20A-CEF9-4FC1-9063-483B061697F4}"
EndProject
Global
	GlobalSection(SolutionConfigurationPlatforms) = preSolution
		Debug|Any CPU = Debug|Any CPU
		Release|Any CPU = Release|Any CPU
	EndGlobalSection
	GlobalSection(ProjectConfigurationPlatforms) = postSolution
		{331505F4-0FAE-484C-82DF-4FBD5D1F38E9}.Debug|Any CPU.ActiveCfg = Debug|Any CPU
		{331505F4-0FAE-484C-82DF-4FBD5D1F38E9}.Debug|Any CPU.Build.0 = Debug|Any CPU
		{331505F4-0FAE-484C-82DF-4FBD5D1F38E9}.Release|Any CPU.ActiveCfg = Release|Any CPU
		{331505F4-0FAE-484C-82DF-4FBD5D1F38E9}.Release|Any CPU.Build.0 = Release|Any CPU
		{6A22E20A-CEF9-4FC1-9063-483B061697F4}.Debug|Any CPU.ActiveCfg = Debug|Any CPU
		{6A22E20A-CEF9-4FC1-9063-483B061697F4}.Debug|Any CPU.Build.0 = Debug|Any CPU
		{6A22E20A-CEF9-4FC1-9063-483B061697F4}.Release|Any CPU.ActiveCfg = Release|Any CPU
		{6A22E20A-CEF9-4FC1-9063-483B061697F4}.Release|Any CPU.Build.0 = Release|Any CPU
	EndGlobalSection
	GlobalSection(SolutionProperties) = preSolution
		HideSolutionNode = FALSE
	EndGlobalSection
	GlobalSection(ExtensibilityGlobals) = postSolution
		SolutionGuid = {4EEA4ECD-9A0D-4B5C-B280-AC270F98B721}
	EndGlobalSection
EndGlobal
